lockfileVersion: 5.3

specifiers:
  cnd: 9.2.2
  guy-test: 4.1.0
  intertype: 7.6.7
  pipedreams: 12.1.1
  re2: ^1.10.0
  safe-regex2: ^2.0.0
  to-width: ^1.0.3
  vuln-regex-detector: ^1.3.0

dependencies:
  cnd: 9.2.2
  intertype: 7.6.7
  pipedreams: 12.1.1
  re2: 1.16.0
  safe-regex2: 2.0.0
  to-width: 1.1.0
  vuln-regex-detector: 1.3.0

devDependencies:
  guy-test: 4.1.0

packages:

  /@gar/promisify/1.1.2:
    resolution: {integrity: sha512-82cpyJyKRoQoRi+14ibCeGPu0CwypgtBAdBhq1WfvagpCZNKqwXbKwXllYSMG91DhmG4jt9gN8eP6lGOtozuaw==}
    dev: false

  /@npmcli/fs/1.0.0:
    resolution: {integrity: sha512-8ltnOpRR/oJbOp8vaGUnipOi3bqkcW+sLHFlyXIr08OGHmVJLB1Hn7QtGXbYcpVtH1gAYZTlmDXtE4YV0+AMMQ==}
    dependencies:
      '@gar/promisify': 1.1.2
      semver: 7.3.5
    dev: false

  /@npmcli/move-file/1.1.2:
    resolution: {integrity: sha512-1SUf/Cg2GzGDyaf15aR9St9TWlb+XvbZXWpDx8YKs7MLzMH/BCeopv+y9vzrzgkfykCGuWOlSu3mZhj2+FQcrg==}
    engines: {node: '>=10'}
    dependencies:
      mkdirp: 1.0.4
      rimraf: 3.0.2
    dev: false

  /@tootallnate/once/1.1.2:
    resolution: {integrity: sha512-RbzJvlNzmRq5c3O09UipeuXno4tA1FE6ikOjxZK0tuxVv3412l64l5t1W5pj4+rJq9vpkm/kwiR07aZXnsKPxw==}
    engines: {node: '>= 6'}
    dev: false

  /@types/concat-stream/1.6.1:
    resolution: {integrity: sha512-eHE4cQPoj6ngxBZMvVf6Hw7Mh4jMW4U9lpGmS5GBPB9RYxlFg+CHaVN7ErNY4W9XfLIEn20b4VDYaIrbq0q4uA==}
    dependencies:
      '@types/node': 8.10.66
    dev: false

  /@types/form-data/0.0.33:
    resolution: {integrity: sha1-yayFsqX9GENbjIXZ7LUObWyJP/g=}
    dependencies:
      '@types/node': 8.10.66
    dev: false

  /@types/node/10.17.60:
    resolution: {integrity: sha512-F0KIgDJfy2nA3zMLmWGKxcH2ZVEtCZXHHdOQs2gSaQ27+lNeEfGxzkIw90aXswATX7AZ33tahPbzy6KAfUreVw==}
    dev: false

  /@types/node/8.10.66:
    resolution: {integrity: sha512-tktOkFUA4kXx2hhhrB8bIFb5TbwzS4uOhKEmwiD+NoiL0qtP2OQ9mFldbgD4dV1djrlBYP6eBuQZiWjuHUpqFw==}
    dev: false

  /@types/qs/6.9.7:
    resolution: {integrity: sha512-FGa1F62FT09qcrueBA6qYTrJPVDzah9a+493+o2PCXsesWHIn27G98TsSMs3WPNbZIEj4+VJf6saSFpvD+3Zsw==}
    dev: false

  /abbrev/1.1.1:
    resolution: {integrity: sha512-nne9/IiQ/hzIhY6pdDnbBtz7DjPTKrY00P/zvPSm5pOFkl6xuGrGnXn/VtTNNfNtAfZ9/1RtehkszU9qcTii0Q==}
    dev: false

  /after-all-results/2.0.0:
    resolution: {integrity: sha1-asL8ICtQD4jaj09VMM+hAPTGotA=}
    dev: false

  /agent-base/6.0.2:
    resolution: {integrity: sha512-RZNwNclF7+MS/8bDg70amg32dyeZGZxiDuQmZxKLAlQjr3jGyLx+4Kkk58UO7D2QdgFIQCovuSuZESne6RG6XQ==}
    engines: {node: '>= 6.0.0'}
    dependencies:
      debug: 4.3.2
    transitivePeerDependencies:
      - supports-color
    dev: false

  /agentkeepalive/4.1.4:
    resolution: {integrity: sha512-+V/rGa3EuU74H6wR04plBb7Ks10FbtUQgRj/FQOG7uUIEuaINI+AiqJR1k6t3SVNs7o7ZjIdus6706qqzVq8jQ==}
    engines: {node: '>= 8.0.0'}
    dependencies:
      debug: 4.3.2
      depd: 1.1.2
      humanize-ms: 1.2.1
    transitivePeerDependencies:
      - supports-color
    dev: false

  /aggregate-error/3.1.0:
    resolution: {integrity: sha512-4I7Td01quW/RpocfNayFdFVk1qSuoh0E7JrbRJ16nH01HhKFQ88INq9Sd+nd72zqRySlr9BmDA8xlEJ6vJMrYA==}
    engines: {node: '>=8'}
    dependencies:
      clean-stack: 2.2.0
      indent-string: 4.0.0
    dev: false

  /ansi-regex/2.1.1:
    resolution: {integrity: sha1-w7M6te42DYbg5ijwRorn7yfWVN8=}
    engines: {node: '>=0.10.0'}
    dev: false

  /ansi-regex/5.0.0:
    resolution: {integrity: sha512-bY6fj56OUQ0hU1KjFNDQuJFezqKdrAyFdIevADiqrWHwSlbmBNMHp5ak2f40Pm8JTFyM2mqxkG6ngkHO11f/lg==}
    engines: {node: '>=8'}
    dev: false

  /ansi-styles/1.1.0:
    resolution: {integrity: sha1-6uy/Zs1waIJ2Cy9GkVgrj1XXp94=}
    engines: {node: '>=0.10.0'}
    requiresBuild: true
    dev: false
    optional: true

  /aproba/1.2.0:
    resolution: {integrity: sha512-Y9J6ZjXtoYh8RnXVCMOU/ttDmk1aBjunq9vO0ta5x85WDQiQfUF9sIPBITdbiiIVcBo03Hi3jMxigBtsddlXRw==}
    dev: false

  /are-we-there-yet/1.1.5:
    resolution: {integrity: sha512-5hYdAkZlcG8tOLujVDTgCT+uPX0VnpAH28gWsLfzpXYm7wP6mp5Q/gYyR7YQ0cKVJcXJnl3j2kpBan13PtQf6w==}
    dependencies:
      delegates: 1.0.0
      readable-stream: 2.3.7
    dev: false

  /asap/2.0.6:
    resolution: {integrity: sha1-5QNHYR1+aQlDIIu9r+vLwvuGbUY=}
    dev: false

  /async-cache/1.1.0:
    resolution: {integrity: sha1-SppaidBl7F2OUlS9nulrp2xTK1o=}
    dependencies:
      lru-cache: 4.1.5
    dev: false

  /async/3.2.1:
    resolution: {integrity: sha512-XdD5lRO/87udXCMC9meWdYiR+Nq6ZjUfXidViUZGu2F1MO4T3XwZ1et0hb2++BgLfhyJwy44BGB/yx80ABx8hg==}
    dev: true

  /asynckit/0.4.0:
    resolution: {integrity: sha1-x57Zf380y48robyXkLzDZkdLS3k=}
    dev: false

  /balanced-match/1.0.2:
    resolution: {integrity: sha512-3oSeUO0TMV67hN1AmbXsK4yaqU7tjiHlbxRDZOpH0KW9+CeX4bRAaX0Anxt0tx2MrpRpWwQaPwIlISEJhYU5Pw==}
    dev: false

  /brace-expansion/1.1.11:
    resolution: {integrity: sha512-iCuPHDFgrHX7H2vEI/5xpz07zSHB00TpugqhmYtVmMO6518mCuRMoOYFldEBl0g187ufozdaHgWKcYFb61qGiA==}
    dependencies:
      balanced-match: 1.0.2
      concat-map: 0.0.1
    dev: false

  /buffer-from/1.1.2:
    resolution: {integrity: sha512-E+XQCRwSbaaiChtv6k6Dwgc+bx+Bs6vuKJHHl5kox/BaKbhiXzqQOwK4cO22yElGp2OCmjwVhT3HmxgyPGnJfQ==}
    dev: false

  /cacache/15.3.0:
    resolution: {integrity: sha512-VVdYzXEn+cnbXpFgWs5hTT7OScegHVmLhJIR8Ufqk3iFD6A6j5iSX1KuBTfNEv4tdJWE2PzA6IVFtcLC7fN9wQ==}
    engines: {node: '>= 10'}
    dependencies:
      '@npmcli/fs': 1.0.0
      '@npmcli/move-file': 1.1.2
      chownr: 2.0.0
      fs-minipass: 2.1.0
      glob: 7.1.7
      infer-owner: 1.0.4
      lru-cache: 6.0.0
      minipass: 3.1.3
      minipass-collect: 1.0.2
      minipass-flush: 1.0.5
      minipass-pipeline: 1.2.4
      mkdirp: 1.0.4
      p-map: 4.0.0
      promise-inflight: 1.0.1
      rimraf: 3.0.2
      ssri: 8.0.1
      tar: 6.1.11
      unique-filename: 1.1.1
    dev: false

  /call-bind/1.0.2:
    resolution: {integrity: sha512-7O+FbCihrB5WGbFYesctwmTKae6rOiIzmz1icreWJ+0aA7LJfuqhEso2T9ncpcFtzMQtzXf2QGGueWJGTYsqrA==}
    dependencies:
      function-bind: 1.1.1
      get-intrinsic: 1.1.1
    dev: false

  /caseless/0.12.0:
    resolution: {integrity: sha1-G2gcIf+EAzyCZUMJBolCDRhxUdw=}
    dev: false

  /chownr/2.0.0:
    resolution: {integrity: sha512-bIomtDF5KGpdogkLd9VspvFzk9KfpyyGlS8YFVZl7TGPBHL5snIOnxeshwVgPteQ9b4Eydl+pVbIyE1DcvCWgQ==}
    engines: {node: '>=10'}
    dev: false

  /clean-stack/2.2.0:
    resolution: {integrity: sha512-4diC9HaTE+KRAMWhDhrGOECgWZxoevMc5TlkObMqNSsVU62PYzXZ/SMTjzyGAFF1YusgxGcSWTEXBhp0CPwQ1A==}
    engines: {node: '>=6'}
    dev: false

  /cnd/5.3.2:
    resolution: {integrity: sha512-HZmL11eDy/oreoKTxes07DSPjd9Cjr4qZVEdRu8lK+dxIts2cqUkyde39Ve7PyMh8nWNtSzmvIZ4WHWng1PFow==}
    hasBin: true
    dependencies:
      mkdirp: 1.0.4
      stackman: 4.0.1
      trycatch: 1.5.21
    transitivePeerDependencies:
      - supports-color
    dev: false

  /cnd/9.2.1:
    resolution: {integrity: sha512-JszZtSlOCxkIvNPKpw1PmIcQUjYO+pBqVoKVH2STHLtG4JHHJ1NHowv39lhyxzlPxUTZk7pZ3qO7CfrfJ8ZSKw==}
    hasBin: true
    dev: false

  /cnd/9.2.2:
    resolution: {integrity: sha512-F+/H+7luk4fZkvN0+MT0I2nwn80YM/EtfMttNUFxENR50XJH4g0KgQevzeyEJ8B6t6l8Tb4Xti6QAksa8DmePA==}
    hasBin: true
    dependencies:
      jsx-number-format: 0.1.4

  /code-point-at/1.1.0:
    resolution: {integrity: sha1-DQcLTQQ6W+ozovGkDi7bPZpMz3c=}
    engines: {node: '>=0.10.0'}
    dev: false

  /combined-stream/1.0.8:
    resolution: {integrity: sha512-FQN4MRfuJeHf7cBbBMJFXhKSDq+2kAArBlmRBvcvFE5BB1HZKXtSFASDhdlz9zOYwxh8lDdnvmMOe/+5cdoEdg==}
    engines: {node: '>= 0.8'}
    dependencies:
      delayed-stream: 1.0.0
    dev: false

  /concat-map/0.0.1:
    resolution: {integrity: sha1-2Klr13/Wjfd5OnMDajug1UBdR3s=}
    dev: false

  /concat-stream/1.6.2:
    resolution: {integrity: sha512-27HBghJxjiZtIk3Ycvn/4kbJk/1uZuJFfuPEns6LaEvpvG1f0hTea8lilrouyo9mVc2GWdcEZ8OLoGmSADlrCw==}
    engines: {'0': node >= 0.8}
    dependencies:
      buffer-from: 1.1.2
      inherits: 2.0.4
      readable-stream: 2.3.7
      typedarray: 0.0.6
    dev: false

  /console-control-strings/1.1.0:
    resolution: {integrity: sha1-PXz0Rk22RG6mRL9LOVB/mFEAjo4=}
    dev: false

  /core-util-is/1.0.2:
    resolution: {integrity: sha1-tf1UIgqivFq1eqtxQMlAdUUDwac=}
    dev: false

  /data-uri-to-buffer/2.0.2:
    resolution: {integrity: sha512-ND9qDTLc6diwj+Xe5cdAgVTbLVdXbtxTJRXRhli8Mowuaan+0EJOtdqJ0QCHNSSPyoXGx9HX2/VMnKeC34AChA==}
    dev: false

  /debug/4.3.2:
    resolution: {integrity: sha512-mOp8wKcvj7XxC78zLgw/ZA+6TSgkoE2C/ienthhRD298T7UNwAg9diBpLRxC0mOezLl4B0xV7M0cCO6P/O0Xhw==}
    engines: {node: '>=6.0'}
    peerDependencies:
      supports-color: '*'
    peerDependenciesMeta:
      supports-color:
        optional: true
    dependencies:
      ms: 2.1.2
    dev: false

  /delayed-stream/1.0.0:
    resolution: {integrity: sha1-3zrhmayt+31ECqrgsp4icrJOxhk=}
    engines: {node: '>=0.4.0'}
    dev: false

  /delegates/1.0.0:
    resolution: {integrity: sha1-hMbhWbgZBP3KWaDvRM2HDTElD5o=}
    dev: false

  /depd/1.1.2:
    resolution: {integrity: sha1-m81S4UwJd2PnSbJ0xDRu0uVgtak=}
    engines: {node: '>= 0.6'}
    dev: false

  /emittery/0.6.0:
    resolution: {integrity: sha512-6EMRGr9KzYWp8DzHFZsKVZBsMO6QhAeHMeHND8rhyBNCHKMLpgW9tZv40bwN3rAIKRS5CxcK8oLRKUJSB9h7yQ==}
    engines: {node: '>=10'}
    dev: false

  /emoji-regex/8.0.0:
    resolution: {integrity: sha512-MSjYzcWNOA0ewAHpz0MxpYFvwg6yjy1NG3xteoqz644VCo/RPgnr1/GGt+ic3iJTzQ8Eu3TdM14SawnVUmGE6A==}
    dev: false

  /encoding/0.1.13:
    resolution: {integrity: sha512-ETBauow1T35Y/WZMkio9jiM0Z5xjHHmJ4XmjZOq1l/dXz3lr2sRn87nJy20RupqSh1F2m3HHPSp8ShIPQJrJ3A==}
    requiresBuild: true
    dependencies:
      iconv-lite: 0.6.3
    dev: false
    optional: true

  /env-paths/2.2.1:
    resolution: {integrity: sha512-+h1lkLKhZMTYjog1VEpJNG7NZJWcuc2DDk/qsqSTRRCOXiLjeQ1d1/udrUGhqMxUgAlwKNZ0cf2uqan5GLuS2A==}
    engines: {node: '>=6'}
    dev: false

  /err-code/2.0.3:
    resolution: {integrity: sha512-2bmlRpNKBxT/CRmPOlyISQpNj+qSeYvcym/uT0Jx2bMOlKLtSy1ZmLuVxSEKKyor/N5yhvp/ZiG1oE3DEYMSFA==}
    dev: false

  /error-callsites/2.0.4:
    resolution: {integrity: sha512-V877Ch4FC4FN178fDK1fsrHN4I1YQIBdtjKrHh3BUHMnh3SMvwUVrqkaOgDpUuevgSNna0RBq6Ox9SGlxYrigA==}
    engines: {node: '>=6.x'}
    dev: false

  /form-data/2.5.1:
    resolution: {integrity: sha512-m21N3WOmEEURgk6B9GLOE4RuWOFf28Lhh9qGYeNlGq4VDXUlJy2th2slBNU8Gp8EzloYZOibZJ7t5ecIrFSjVA==}
    engines: {node: '>= 0.12'}
    dependencies:
      asynckit: 0.4.0
      combined-stream: 1.0.8
      mime-types: 2.1.32
    dev: false

  /fs-minipass/2.1.0:
    resolution: {integrity: sha512-V/JgOLFCS+R6Vcq0slCuaeWEdNC3ouDlJMNIsacH2VtALiu9mV4LPrHc5cDl8k5aw6J8jwgWWpiTo5RYhmIzvg==}
    engines: {node: '>= 8'}
    dependencies:
      minipass: 3.1.3
    dev: false

  /fs.realpath/1.0.0:
    resolution: {integrity: sha1-FQStJSMVjKpA20onh8sBQRmU6k8=}
    dev: false

  /function-bind/1.1.1:
    resolution: {integrity: sha512-yIovAzMX49sF8Yl58fSCWJ5svSLuaibPxXQJFLmBObTuCr0Mf1KiPopGM9NiFjiYBCbfaa2Fh6breQ6ANVTI0A==}
    dev: false

  /gauge/2.7.4:
    resolution: {integrity: sha1-LANAXHU4w51+s3sxcCLjJfsBi/c=}
    dependencies:
      aproba: 1.2.0
      console-control-strings: 1.1.0
      has-unicode: 2.0.1
      object-assign: 4.1.1
      signal-exit: 3.0.3
      string-width: 1.0.2
      strip-ansi: 3.0.1
      wide-align: 1.1.3
    dev: false

  /get-intrinsic/1.1.1:
    resolution: {integrity: sha512-kWZrnVM42QCiEA2Ig1bG8zjoIMOgxWwYCEeNdwY6Tv/cOSeGpcoX4pXHfKUxNKVoArnrEr2e9srnAxxGIraS9Q==}
    dependencies:
      function-bind: 1.1.1
      has: 1.0.3
      has-symbols: 1.0.2
    dev: false

  /get-port/3.2.0:
    resolution: {integrity: sha1-3Xzn3hh8Bsi/NTeWrHHgmfCYDrw=}
    engines: {node: '>=4'}
    dev: false

  /get-source/1.0.42:
    resolution: {integrity: sha512-uM5xCIG5w2meVbiZaID4ajH6J8OfApqhlKXtZwsS/IIM9PLb0b2kc5sRdy78yEDfxsIYEWNk0OVxai6OpDCExA==}
    dependencies:
      data-uri-to-buffer: 2.0.2
      source-map: 0.6.1
    dev: false

  /glob/7.1.7:
    resolution: {integrity: sha512-OvD9ENzPLbegENnYP5UUfJIirTg4+XwMWGaQfQTY0JenxNvvIKP3U3/tAQSPIu/lHxXYSZmpXlUHeqAIdKzBLQ==}
    dependencies:
      fs.realpath: 1.0.0
      inflight: 1.0.6
      inherits: 2.0.4
      minimatch: 3.0.4
      once: 1.4.0
      path-is-absolute: 1.0.1
    dev: false

  /graceful-fs/4.2.8:
    resolution: {integrity: sha512-qkIilPUYcNhJpd33n0GBXTB1MMPp14TxEsEs0pTrsSVucApsYzW5V+Q8Qxhik6KU3evy+qkAAowTByymK0avdg==}
    dev: false

  /guy-test/4.1.0:
    resolution: {integrity: sha512-SlqymC5lfTdGREzAJN00ZDVmZy9lytHLyTAewZptOmyxA0ux7dHpVUM6rbjkWkmnYlH+01d4McBeiyjYV7wcPw==}
    dependencies:
      async: 3.2.1
      cnd: 9.2.2
      intertype: 7.6.7
    dev: true

  /has-symbols/1.0.2:
    resolution: {integrity: sha512-chXa79rL/UC2KlX17jo3vRGz0azaWEx5tGqZg5pO3NUyEJVB17dMruQlzCCOfUvElghKcm5194+BCRvi2Rv/Gw==}
    engines: {node: '>= 0.4'}
    dev: false

  /has-unicode/2.0.1:
    resolution: {integrity: sha1-4Ob+aijPUROIVeCG0Wkedx3iqLk=}
    dev: false

  /has/1.0.3:
    resolution: {integrity: sha512-f2dvO0VU6Oej7RkWJGrehjbzMAjFp5/VKPp5tTpWIV4JHHZK1/BxbFRtf/siA2SWTe09caDmVtYYzWEIbBS4zw==}
    engines: {node: '>= 0.4.0'}
    dependencies:
      function-bind: 1.1.1
    dev: false

  /hookit/1.1.3:
    resolution: {integrity: sha1-YnvRuQvE7sHTe2OiCCzv9Rgb+xk=}
    dev: false

  /http-basic/8.1.3:
    resolution: {integrity: sha512-/EcDMwJZh3mABI2NhGfHOGOeOZITqfkEO4p/xK+l3NpyncIHUQBoMvCSF/b5GqvKtySC2srL/GGG3+EtlqlmCw==}
    engines: {node: '>=6.0.0'}
    dependencies:
      caseless: 0.12.0
      concat-stream: 1.6.2
      http-response-object: 3.0.2
      parse-cache-control: 1.0.1
    dev: false

  /http-cache-semantics/4.1.0:
    resolution: {integrity: sha512-carPklcUh7ROWRK7Cv27RPtdhYhUsela/ue5/jKzjegVvXDqM2ILE9Q2BGn9JZJh1g87cp56su/FgQSzcWS8cQ==}
    dev: false

  /http-proxy-agent/4.0.1:
    resolution: {integrity: sha512-k0zdNgqWTGA6aeIRVpvfVob4fL52dTfaehylg0Y4UvSySvOq/Y+BOyPrgpUrA7HylqvU8vIZGsRuXmspskV0Tg==}
    engines: {node: '>= 6'}
    dependencies:
      '@tootallnate/once': 1.1.2
      agent-base: 6.0.2
      debug: 4.3.2
    transitivePeerDependencies:
      - supports-color
    dev: false

  /http-response-object/3.0.2:
    resolution: {integrity: sha512-bqX0XTF6fnXSQcEJ2Iuyr75yVakyjIDCqroJQ/aHfSdlM743Cwqoi2nDYMzLGWUcuTWGWy8AAvOKXTfiv6q9RA==}
    dependencies:
      '@types/node': 10.17.60
    dev: false

  /https-proxy-agent/5.0.0:
    resolution: {integrity: sha512-EkYm5BcKUGiduxzSt3Eppko+PiNWNEpa4ySk9vTC6wDsQJW9rHSa+UhGNJoRYp7bz6Ht1eaRIa6QaJqO5rCFbA==}
    engines: {node: '>= 6'}
    dependencies:
      agent-base: 6.0.2
      debug: 4.3.2
    transitivePeerDependencies:
      - supports-color
    dev: false

  /humanize-ms/1.2.1:
    resolution: {integrity: sha1-xG4xWaKT9riW2ikxbYtv6Lt5u+0=}
    dependencies:
      ms: 2.1.3
    dev: false

  /iconv-lite/0.6.3:
    resolution: {integrity: sha512-4fCk79wshMdzMp2rH06qWrJE4iolqLhCUH+OiuIgU++RB0+94NlDL81atO7GX55uUKueo0txHNtvEyI6D7WdMw==}
    engines: {node: '>=0.10.0'}
    dependencies:
      safer-buffer: 2.1.2
    dev: false
    optional: true

  /imurmurhash/0.1.4:
    resolution: {integrity: sha1-khi5srkoojixPcT7a21XbyMUU+o=}
    engines: {node: '>=0.8.19'}
    dev: false

  /in-publish/2.0.1:
    resolution: {integrity: sha512-oDM0kUSNFC31ShNxHKUyfZKy8ZeXZBWMjMdZHKLOk13uvT27VTL/QzRGfRUcevJhpkZAvlhPYuXkF7eNWrtyxQ==}
    hasBin: true
    dev: false

  /indent-string/4.0.0:
    resolution: {integrity: sha512-EdDDZu4A2OyIK7Lr/2zG+w5jmbuk1DVBnEwREQvBzspBJkCEbRa8GxU1lghYcaGJCnRWibjDXlq779X1/y5xwg==}
    engines: {node: '>=8'}
    dev: false

  /infer-owner/1.0.4:
    resolution: {integrity: sha512-IClj+Xz94+d7irH5qRyfJonOdfTzuDaifE6ZPWfx0N0+/ATZCbuTPq2prFl526urkQd90WyUKIh1DfBQ2hMz9A==}
    dev: false

  /inflight/1.0.6:
    resolution: {integrity: sha1-Sb1jMdfQLQwJvJEKEHW6gWW1bfk=}
    dependencies:
      once: 1.4.0
      wrappy: 1.0.2
    dev: false

  /inherits/2.0.4:
    resolution: {integrity: sha512-k/vGaX4/Yla3WzyMCvTQOXYeIHvqOKtnqBduzTHpzpQZzAskKMhZ2K+EnBiSM9zGSoIFeMpXKxa4dYeZIQqewQ==}
    dev: false

  /install-artifact-from-github/1.2.0:
    resolution: {integrity: sha512-3OxCPcY55XlVM3kkfIpeCgmoSKnMsz2A3Dbhsq0RXpIknKQmrX1YiznCeW9cD2ItFmDxziA3w6Eg8d80AoL3oA==}
    hasBin: true
    dev: false

  /intertype/3.4.1:
    resolution: {integrity: sha512-iygBhO6W8EoxMLu8u/oWdqS5fjppBRXjdhsI0z7UCSiBcwNW9SDQGxWlOlcUWCXGrACqtGBEVrUcDibMMxuC/A==}
    dependencies:
      cnd: 5.3.2
      multimix: 2.2.1
    transitivePeerDependencies:
      - supports-color
    dev: false

  /intertype/7.6.7:
    resolution: {integrity: sha512-vBgYabqxX3fLa9f0Z3QeXgYszadAGdAHXdLcdQc5ZxZSG5CmbJCdYcudZLYtgmNo8epQag8zzyg7wwx+OD5J8g==}
    dependencies:
      multimix: 5.0.0

  /ip/1.1.5:
    resolution: {integrity: sha1-vd7XARQpCCjAoDnnLvJfWq7ENUo=}
    dev: false

  /is-fullwidth-code-point/1.0.0:
    resolution: {integrity: sha1-754xOG8DGn8NZDr4L95QxFfvAMs=}
    engines: {node: '>=0.10.0'}
    dependencies:
      number-is-nan: 1.0.1
    dev: false

  /is-fullwidth-code-point/3.0.0:
    resolution: {integrity: sha512-zymm5+u+sCsSWyD9qNaejV3DFvhCKclKdizYaJUuHA83RLjb7nSuGnddCHGv0hk+KY7BMAlsWeK4Ueg6EV6XQg==}
    engines: {node: '>=8'}
    dev: false

  /is-lambda/1.0.1:
    resolution: {integrity: sha1-PZh3iZ5qU+/AFgUEzeFfgubwYdU=}
    dev: false

  /isarray/1.0.0:
    resolution: {integrity: sha1-u5NdSFgsuhaMBoNJV6VKPgcSTxE=}
    dev: false

  /isexe/2.0.0:
    resolution: {integrity: sha1-6PvzdNxVb/iUehDcsFctYz8s+hA=}
    dev: false

  /jsx-number-format/0.1.4:
    resolution: {integrity: sha512-uPc/Q90XqZoRE7Cu1OLFQB2cSrA2Dy8+okzPOtML8vbagNFDSipbndIPme+q0odBjEhL+wf3WH3Wo52was4Tsg==}

  /letsfreezethat/2.2.5:
    resolution: {integrity: sha512-w4XD73ki7rClXBft9OmvngG6abnE71h0BTMNCCXdmDGI3zYNIZYjG6/fOhRjz1crWc5ic/XGKdl6KkusftiKpA==}
    dev: false

  /load-source-map/1.0.0:
    resolution: {integrity: sha1-MY9JkFzopwnft8w/FvPv47zx3QU=}
    dependencies:
      in-publish: 2.0.1
      semver: 5.7.1
      source-map: 0.5.7
    dev: false

  /lodash.flattendeep/4.4.0:
    resolution: {integrity: sha1-+wMJF/hqMTTlvJvsDWngAT3f7bI=}
    dev: false

  /looper/3.0.0:
    resolution: {integrity: sha1-LvpUw7HLq6m5Su4uWRSwvlf7t0k=}
    dev: false

  /looper/4.0.0:
    resolution: {integrity: sha1-dwat7VmpntygbmtUu4bI7BnJUVU=}
    dev: false

  /lru-cache/4.1.5:
    resolution: {integrity: sha512-sWZlbEP2OsHNkXrMl5GYk/jKk70MBng6UU4YI/qGDYbgf6YbP4EvmqISbXCoJiRKs+1bSpFHVgQxvJ17F2li5g==}
    dependencies:
      pseudomap: 1.0.2
      yallist: 2.1.2
    dev: false

  /lru-cache/6.0.0:
    resolution: {integrity: sha512-Jo6dJ04CmSjuznwJSS3pUeWmd/H0ffTlkXXgwZi+eq1UCmqQwCh+eLsYOYCwY991i2Fah4h1BEMCx4qThGbsiA==}
    engines: {node: '>=10'}
    dependencies:
      yallist: 4.0.0
    dev: false

  /make-fetch-happen/8.0.14:
    resolution: {integrity: sha512-EsS89h6l4vbfJEtBZnENTOFk8mCRpY5ru36Xe5bcX1KYIli2mkSHqoFsp5O1wMDvTJJzxe/4THpCTtygjeeGWQ==}
    engines: {node: '>= 10'}
    dependencies:
      agentkeepalive: 4.1.4
      cacache: 15.3.0
      http-cache-semantics: 4.1.0
      http-proxy-agent: 4.0.1
      https-proxy-agent: 5.0.0
      is-lambda: 1.0.1
      lru-cache: 6.0.0
      minipass: 3.1.3
      minipass-collect: 1.0.2
      minipass-fetch: 1.3.4
      minipass-flush: 1.0.5
      minipass-pipeline: 1.2.4
      promise-retry: 2.0.1
      socks-proxy-agent: 5.0.1
      ssri: 8.0.1
    transitivePeerDependencies:
      - supports-color
    dev: false

  /mime-db/1.49.0:
    resolution: {integrity: sha512-CIc8j9URtOVApSFCQIF+VBkX1RwXp/oMMOrqdyXSBXq5RWNEsRfyj1kiRnQgmNXmHxPoFIxOroKA3zcU9P+nAA==}
    engines: {node: '>= 0.6'}
    dev: false

  /mime-types/2.1.32:
    resolution: {integrity: sha512-hJGaVS4G4c9TSMYh2n6SQAGrC4RnfU+daP8G7cSCmaqNjiOoUY0VHCMS42pxnQmVF1GWwFhbHWn3RIxCqTmZ9A==}
    engines: {node: '>= 0.6'}
    dependencies:
      mime-db: 1.49.0
    dev: false

  /minimatch/3.0.4:
    resolution: {integrity: sha512-yJHVQEhyqPLUTgt9B83PXu6W3rx4MvvHvSUvToogpwoGDOUQ+yDrR0HRot+yOCdCO7u4hX3pWft6kWBBcqh0UA==}
    dependencies:
      brace-expansion: 1.1.11
    dev: false

  /minipass-collect/1.0.2:
    resolution: {integrity: sha512-6T6lH0H8OG9kITm/Jm6tdooIbogG9e0tLgpY6mphXSm/A9u8Nq1ryBG+Qspiub9LjWlBPsPS3tWQ/Botq4FdxA==}
    engines: {node: '>= 8'}
    dependencies:
      minipass: 3.1.3
    dev: false

  /minipass-fetch/1.3.4:
    resolution: {integrity: sha512-TielGogIzbUEtd1LsjZFs47RWuHHfhl6TiCx1InVxApBAmQ8bL0dL5ilkLGcRvuyW/A9nE+Lvn855Ewz8S0PnQ==}
    engines: {node: '>=8'}
    dependencies:
      minipass: 3.1.3
      minipass-sized: 1.0.3
      minizlib: 2.1.2
    optionalDependencies:
      encoding: 0.1.13
    dev: false

  /minipass-flush/1.0.5:
    resolution: {integrity: sha512-JmQSYYpPUqX5Jyn1mXaRwOda1uQ8HP5KAT/oDSLCzt1BYRhQU0/hDtsB1ufZfEEzMZ9aAVmsBw8+FWsIXlClWw==}
    engines: {node: '>= 8'}
    dependencies:
      minipass: 3.1.3
    dev: false

  /minipass-pipeline/1.2.4:
    resolution: {integrity: sha512-xuIq7cIOt09RPRJ19gdi4b+RiNvDFYe5JH+ggNvBqGqpQXcru3PcRmOZuHBKWK1Txf9+cQ+HMVN4d6z46LZP7A==}
    engines: {node: '>=8'}
    dependencies:
      minipass: 3.1.3
    dev: false

  /minipass-sized/1.0.3:
    resolution: {integrity: sha512-MbkQQ2CTiBMlA2Dm/5cY+9SWFEN8pzzOXi6rlM5Xxq0Yqbda5ZQy9sU75a673FE9ZK0Zsbr6Y5iP6u9nktfg2g==}
    engines: {node: '>=8'}
    dependencies:
      minipass: 3.1.3
    dev: false

  /minipass/3.1.3:
    resolution: {integrity: sha512-Mgd2GdMVzY+x3IJ+oHnVM+KG3lA5c8tnabyJKmHSaG2kAGpudxuOf8ToDkhumF7UzME7DecbQE9uOZhNm7PuJg==}
    engines: {node: '>=8'}
    dependencies:
      yallist: 4.0.0
    dev: false

  /minizlib/2.1.2:
    resolution: {integrity: sha512-bAxsR8BVfj60DWXHE3u30oHzfl4G7khkSuPW+qvpd7jFRHm7dLxOjUk1EHACJ/hxLY8phGJ0YhYHZo7jil7Qdg==}
    engines: {node: '>= 8'}
    dependencies:
      minipass: 3.1.3
      yallist: 4.0.0
    dev: false

  /mkdirp/1.0.4:
    resolution: {integrity: sha512-vVqVZQyf3WLx2Shd0qJ9xuvqgAyKPLAiqITEtqW0oIUjzo3PePDd6fW9iFz30ef7Ysp/oiWqbhszeGWW2T6Gzw==}
    engines: {node: '>=10'}
    hasBin: true
    dev: false

  /ms/2.1.2:
    resolution: {integrity: sha512-sGkPx+VjMtmA6MX27oA4FBFELFCZZ4S4XqeGOXCv68tT+jb3vk/RyaKWP0PTKyWtmLSM0b+adUTEvbs1PEaH2w==}
    dev: false

  /ms/2.1.3:
    resolution: {integrity: sha512-6FlzubTLZG3J2a/NVCAleEhjzq5oxgHyaCU9yYXvcLsvoVaHJq/s5xXI6/XXP6tz7R9xAOtHnSO/tXtF3WRTlA==}
    dev: false

  /multimix/2.2.1:
    resolution: {integrity: sha512-VYYI4UT9RZmhlFApQiay5JPto/VB4nXYb+LR1xGfwIiPIQEJFMDe84HBnes939N2BNxwY5mgszAzOOcLMYndEg==}
    dependencies:
      cnd: 5.3.2
      intertype: 3.4.1
    transitivePeerDependencies:
      - supports-color
    dev: false

  /multimix/5.0.0:
    resolution: {integrity: sha512-N9cdGSDDD7kxOV7R6e4iZqsHTZ4F4iiSDWqMcVqx4gEH6HBtRXav39Gj3fgT1YqvBcwPCQuf0Oa5R2cDaLWK8A==}

  /nan/2.15.0:
    resolution: {integrity: sha512-8ZtvEnA2c5aYCZYd1cvgdnU6cqwixRoYg70xPLWUws5ORTa/lnw+u4amixRS/Ac5U5mQVgp9pnlSUnbNWFaWZQ==}
    dev: false

  /node-gyp/8.2.0:
    resolution: {integrity: sha512-KG8SdcoAnw2d6augGwl1kOayALUrXW/P2uOAm2J2+nmW/HjZo7y+8TDg7LejxbekOOSv3kzhq+NSUYkIDAX8eA==}
    engines: {node: '>= 10.12.0'}
    hasBin: true
    dependencies:
      env-paths: 2.2.1
      glob: 7.1.7
      graceful-fs: 4.2.8
      make-fetch-happen: 8.0.14
      nopt: 5.0.0
      npmlog: 4.1.2
      rimraf: 3.0.2
      semver: 7.3.5
      tar: 6.1.11
      which: 2.0.2
    transitivePeerDependencies:
      - supports-color
    dev: false

  /nopt/5.0.0:
    resolution: {integrity: sha512-Tbj67rffqceeLpcRXrT7vKAN8CwfPeIBgM7E6iBkmKLV7bEMwpGgYLGv0jACUsECaa/vuxP0IjEont6umdMgtQ==}
    engines: {node: '>=6'}
    hasBin: true
    dependencies:
      abbrev: 1.1.1
    dev: false

  /npmlog/4.1.2:
    resolution: {integrity: sha512-2uUqazuKlTaSI/dC8AzicUck7+IrEaOnN/e0jd3Xtt1KcGpwx30v50mL7oPyr/h9bL3E4aZccVwpwP+5W9Vjkg==}
    dependencies:
      are-we-there-yet: 1.1.5
      console-control-strings: 1.1.0
      gauge: 2.7.4
      set-blocking: 2.0.0
    dev: false

  /number-is-nan/1.0.1:
    resolution: {integrity: sha1-CXtgK1NCKlIsGvuHkDGDNpQaAR0=}
    engines: {node: '>=0.10.0'}
    dev: false

  /object-assign/4.1.1:
    resolution: {integrity: sha1-IQmtx5ZYh8/AXLvUQsrIv7s2CGM=}
    engines: {node: '>=0.10.0'}
    dev: false

  /object-inspect/1.11.0:
    resolution: {integrity: sha512-jp7ikS6Sd3GxQfZJPyH3cjcbJF6GZPClgdV+EFygjFLQ5FmW/dRUnTd9PQ9k0JhoNDabWFbpF1yCdSWCC6gexg==}
    dev: false

  /once/1.4.0:
    resolution: {integrity: sha1-WDsap3WWHUsROsF9nFC6753Xa9E=}
    dependencies:
      wrappy: 1.0.2
    dev: false

  /p-map/4.0.0:
    resolution: {integrity: sha512-/bjOqmgETBYB5BoEeGVea8dmvHb2m9GLy1E9W43yeyfP6QQCZGFNa+XRceJEuDB6zqr+gKpIAmlLebMpykw/MQ==}
    engines: {node: '>=10'}
    dependencies:
      aggregate-error: 3.1.0
    dev: false

  /parse-cache-control/1.0.1:
    resolution: {integrity: sha1-juqz5U+laSD+Fro493+iGqzC104=}
    dev: false

  /path-is-absolute/1.0.1:
    resolution: {integrity: sha1-F0uSaHNVNP+8es5r9TpanhtcX18=}
    engines: {node: '>=0.10.0'}
    dev: false

  /pipedreams/12.1.1:
    resolution: {integrity: sha512-jNSPPiBab1Fr6ozif0111WcZwvhcYS/UYyKMZix8uQCzMs2cMqcJtKFwcrHIwnVXEK0NAg8QWjLFmWAEplRgLA==}
    dependencies:
      cnd: 5.3.2
      emittery: 0.6.0
      intertype: 3.4.1
      letsfreezethat: 2.2.5
      multimix: 2.2.1
      pipestreams: 8.0.1
    transitivePeerDependencies:
      - supports-color
    dev: false

  /pipestreams/8.0.1:
    resolution: {integrity: sha512-YpjNwgF5VOhbtXeDarudvDGj1ydDO1h3A6W6Dfn2yJkW+IhNvC+H7zYArTh9Ja6pZLNnB2olDEQlzqxGKCCVGQ==}
    dependencies:
      cnd: 5.3.2
      get-source: 1.0.42
      intertype: 3.4.1
      lodash.flattendeep: 4.4.0
      multimix: 2.2.1
      pull-cont: 0.1.1
      pull-map-last: 1.0.0
      pull-merge: 1.0.4
      pull-mux: 0.1.3
      pull-pair: 1.1.0
      pull-paramap: 1.2.2
      pull-pause: 0.0.2
      pull-pushable: 2.2.0
      pull-split: 0.2.1
      pull-stream: 3.6.14
      pull-stream-to-stream: 2.0.0
      pull-tee: 2.0.1
      pull-utf8-decoder: 1.0.2
      stack-trace: 0.0.10
      stream-to-pull-stream: 1.7.3
      timsort: 0.3.0
    transitivePeerDependencies:
      - supports-color
    dev: false

  /process-nextick-args/2.0.1:
    resolution: {integrity: sha512-3ouUOpQhtgrbOa17J7+uxOTpITYWaGP7/AhoR3+A+/1e9skrzelGi/dXzEYyvbxubEF6Wn2ypscTKiKJFFn1ag==}
    dev: false

  /promise-inflight/1.0.1:
    resolution: {integrity: sha1-mEcocL8igTL8vdhoEputEsPAKeM=}
    dev: false

  /promise-retry/2.0.1:
    resolution: {integrity: sha512-y+WKFlBR8BGXnsNlIHFGPZmyDf3DFMoLhaflAnyZgV6rG6xu+JwesTo2Q9R6XwYmtmwAFCkAk3e35jEdoeh/3g==}
    engines: {node: '>=10'}
    dependencies:
      err-code: 2.0.3
      retry: 0.12.0
    dev: false

  /promise/8.1.0:
    resolution: {integrity: sha512-W04AqnILOL/sPRXziNicCjSNRruLAuIHEOVBazepu0545DDNGYHz7ar9ZgZ1fMU8/MA4mVxp5rkBWRi6OXIy3Q==}
    dependencies:
      asap: 2.0.6
    dev: false

  /pseudomap/1.0.2:
    resolution: {integrity: sha1-8FKijacOYYkX7wqKw0wa5aaChrM=}
    dev: false

  /pull-cont/0.1.1:
    resolution: {integrity: sha1-3x1YDicXV7qay666IN4kIdZg1hg=}
    dev: false

  /pull-many/1.0.9:
    resolution: {integrity: sha512-+jUydDVlj/HsvtDqxWMSsiRq3B0HVo7RhBV4C0p2nZRS3mFTUEu9SPEBN+B5PMaW8KTnblYhTIaKg7oXgGnj4Q==}
    dependencies:
      pull-stream: 3.6.14
    dev: false

  /pull-map-last/1.0.0:
    resolution: {integrity: sha1-CdPZ/gBP4tnhjWl+z/x6JyWZRq8=}
    dev: false

  /pull-merge/1.0.4:
    resolution: {integrity: sha512-pz72yzy7nK4YVKV8+njxC5GrnATJ4OwFEviiuXx/K/W2+G2mDddkomv2g0j4Zf4eT+LhsBuVpOAjZU1E9BPqCw==}
    dev: false

  /pull-mux/0.1.3:
    resolution: {integrity: sha1-qlKIYmvxAZpuP5aJDqLVXLs7WiU=}
    dependencies:
      pull-many: 1.0.9
      pull-pair: 1.1.0
      pull-stream: 3.6.14
      pull-tee: '@github.com/pull-stream/pull-tee/tarball/master'
    dev: false

  /pull-pair/1.1.0:
    resolution: {integrity: sha1-fuQnJj/fTaglOXrAoF4atLdL120=}
    dev: false

  /pull-paramap/1.2.2:
    resolution: {integrity: sha1-UaQZPOnI1yFdla2tReK824STsjo=}
    dependencies:
      looper: 4.0.0
    dev: false

  /pull-pause/0.0.2:
    resolution: {integrity: sha1-GdRb6PqmFfpVbxSpb9czRiw3+6M=}
    dev: false

  /pull-pushable/2.2.0:
    resolution: {integrity: sha1-Xy867UethpGfAbEqLpnW8b13ZYE=}
    dev: false

  /pull-split/0.2.1:
    resolution: {integrity: sha512-lloBKx+ijuRNvxvhM/SMJQ0r9/0WBGcpCPv8I6MZuYl4D1heUF/eYQObnqVehhtTMYuMwboK7RdhMa4Wg3YB7w==}
    dependencies:
      pull-through: 1.0.18
    dev: false

  /pull-stream-to-stream/2.0.0:
    resolution: {integrity: sha512-lhgwUn2hQalava39zAzrRhjvVOpR99mfx5tCYRMD8Is85kBvXhQ39zIonVA+2TzdOFjmTQYbPWbEH0HAG+0t0Q==}
    dev: false

  /pull-stream/3.6.14:
    resolution: {integrity: sha512-KIqdvpqHHaTUA2mCYcLG1ibEbu/LCKoJZsBWyv9lSYtPkJPBq8m3Hxa103xHi6D2thj5YXa0TqK3L3GUkwgnew==}
    dev: false

  /pull-tee/2.0.1:
    resolution: {integrity: sha1-AVX56ZgwH0c2XiE99Vz+5McebZc=}
    dev: false

  /pull-through/1.0.18:
    resolution: {integrity: sha1-jdYjFCY+Wc9Qlur7sSeitu8xBzU=}
    dependencies:
      looper: 3.0.0
    dev: false

  /pull-utf8-decoder/1.0.2:
    resolution: {integrity: sha1-p6+iOE0eZBWl1gIFQSbMjeO8vOc=}
    dev: false

  /qs/6.10.1:
    resolution: {integrity: sha512-M528Hph6wsSVOBiYUnGf+K/7w0hNshs/duGsNXPUCLH5XAqjEtiPGwNONLV0tBH8NoGb0mvD5JubnUTrujKDTg==}
    engines: {node: '>=0.6'}
    dependencies:
      side-channel: 1.0.4
    dev: false

  /re2/1.16.0:
    resolution: {integrity: sha512-eizTZL2ZO0ZseLqfD4t3Qd0M3b3Nr0MBWpX81EbPMIud/1d/CSfUIx2GQK8fWiAeHoSekO5EOeFib2udTZLwYw==}
    requiresBuild: true
    dependencies:
      install-artifact-from-github: 1.2.0
      nan: 2.15.0
      node-gyp: 8.2.0
    transitivePeerDependencies:
      - supports-color
    dev: false

  /readable-stream/2.3.7:
    resolution: {integrity: sha512-Ebho8K4jIbHAxnuxi7o42OrZgF/ZTNcsZj6nRKyUmkhLFq8CHItp/fy6hQZuZmP/n3yZ9VBUbp4zz/mX8hmYPw==}
    dependencies:
      core-util-is: 1.0.2
      inherits: 2.0.4
      isarray: 1.0.0
      process-nextick-args: 2.0.1
      safe-buffer: 5.1.2
      string_decoder: 1.1.1
      util-deprecate: 1.0.2
    dev: false

  /ret/0.2.2:
    resolution: {integrity: sha512-M0b3YWQs7R3Z917WRQy1HHA7Ba7D8hvZg6UE5mLykJxQVE2ju0IXbGlaHPPlkY+WN7wFP+wUMXmBFA0aV6vYGQ==}
    engines: {node: '>=4'}
    dev: false

  /retry/0.12.0:
    resolution: {integrity: sha1-G0KmJmoh8HQh0bC1S33BZ7AcATs=}
    engines: {node: '>= 4'}
    dev: false

  /rimraf/3.0.2:
    resolution: {integrity: sha512-JZkJMZkAGFFPP2YqXZXPbMlMBgsxzE8ILs4lMIX/2o0L9UBw9O/Y3o6wFw/i9YLapcUJWwqbi3kdxIPdC62TIA==}
    hasBin: true
    dependencies:
      glob: 7.1.7
    dev: false

  /safe-buffer/5.1.2:
    resolution: {integrity: sha512-Gd2UZBJDkXlY7GbJxfsE8/nvKkUEU1G38c1siN6QP6a9PT9MmHB8GnpscSmMJSoF8LOIrt8ud/wPtojys4G6+g==}
    dev: false

  /safe-regex2/2.0.0:
    resolution: {integrity: sha512-PaUSFsUaNNuKwkBijoAPHAK6/eM6VirvyPWlZ7BAQy4D+hCvh4B6lIG+nPdhbFfIbP+gTGBcrdsOaUs0F+ZBOQ==}
    dependencies:
      ret: 0.2.2
    dev: false

  /safer-buffer/2.1.2:
    resolution: {integrity: sha512-YZo3K82SD7Riyi0E1EQPojLz7kpepnSQI9IyPbHHg1XXXevb5dJI7tpyN2ADxGcQbHG7vcyRHk0cbwqcQriUtg==}
    dev: false
    optional: true

  /semver/5.7.1:
    resolution: {integrity: sha512-sauaDf/PZdVgrLTNYHRtpXa1iRiKcaebiKQ1BJdpQlWH2lCvexQdX55snPFyK7QzpudqbCI0qXFfOasHdyNDGQ==}
    hasBin: true
    dev: false

  /semver/7.3.5:
    resolution: {integrity: sha512-PoeGJYh8HK4BTO/a9Tf6ZG3veo/A7ZVsYrSA6J8ny9nb3B1VrpkuN+z9OE5wfE5p6H4LchYZsegiQgbJD94ZFQ==}
    engines: {node: '>=10'}
    hasBin: true
    dependencies:
      lru-cache: 6.0.0
    dev: false

  /set-blocking/2.0.0:
    resolution: {integrity: sha1-BF+XgtARrppoA93TgrJDkrPYkPc=}
    dev: false

  /side-channel/1.0.4:
    resolution: {integrity: sha512-q5XPytqFEIKHkGdiMIrY10mvLRvnQh42/+GoBlFW3b2LXLE2xxJpZFdm94we0BaoV3RwJyGqg5wS7epxTv0Zvw==}
    dependencies:
      call-bind: 1.0.2
      get-intrinsic: 1.1.1
      object-inspect: 1.11.0
    dev: false

  /signal-exit/3.0.3:
    resolution: {integrity: sha512-VUJ49FC8U1OxwZLxIbTTrDvLnf/6TDgxZcK8wxR8zs13xpx7xbG60ndBlhNrFi2EMuFRoeDoJO7wthSLq42EjA==}
    dev: false

  /smart-buffer/4.2.0:
    resolution: {integrity: sha512-94hK0Hh8rPqQl2xXc3HsaBoOXKV20MToPkcXvwbISWLEs+64sBq5kFgn2kJDHb1Pry9yrP0dxrCI9RRci7RXKg==}
    engines: {node: '>= 6.0.0', npm: '>= 3.0.0'}
    dev: false

  /socks-proxy-agent/5.0.1:
    resolution: {integrity: sha512-vZdmnjb9a2Tz6WEQVIurybSwElwPxMZaIc7PzqbJTrezcKNznv6giT7J7tZDZ1BojVaa1jvO/UiUdhDVB0ACoQ==}
    engines: {node: '>= 6'}
    dependencies:
      agent-base: 6.0.2
      debug: 4.3.2
      socks: 2.6.1
    transitivePeerDependencies:
      - supports-color
    dev: false

  /socks/2.6.1:
    resolution: {integrity: sha512-kLQ9N5ucj8uIcxrDwjm0Jsqk06xdpBjGNQtpXy4Q8/QY2k+fY7nZH8CARy+hkbG+SGAovmzzuauCpBlb8FrnBA==}
    engines: {node: '>= 10.13.0', npm: '>= 3.0.0'}
    dependencies:
      ip: 1.1.5
      smart-buffer: 4.2.0
    dev: false

  /source-map/0.5.7:
    resolution: {integrity: sha1-igOdLRAh0i0eoUyA2OpGi6LvP8w=}
    engines: {node: '>=0.10.0'}
    dev: false

  /source-map/0.6.1:
    resolution: {integrity: sha512-UjgapumWlbMhkBgzT7Ykc5YXUT46F0iKu8SGXq0bcwP5dz/h0Plj6enJqjz1Zbq2l5WaqYnrVbwWOWMyF3F47g==}
    engines: {node: '>=0.10.0'}
    dev: false

  /ssri/8.0.1:
    resolution: {integrity: sha512-97qShzy1AiyxvPNIkLWoGua7xoQzzPjQ0HAH4B0rWKo7SZ6USuPcrUiAFrws0UH8RrbWmgq3LMTObhPIHbbBeQ==}
    engines: {node: '>= 8'}
    dependencies:
      minipass: 3.1.3
    dev: false

  /stack-trace/0.0.10:
    resolution: {integrity: sha1-VHxws0fo0ytOEI6hoqFZ5f3eGcA=}
    dev: false

  /stackman/4.0.1:
    resolution: {integrity: sha512-lntIge3BFEElgvpZT2ld5f4U+mF84fRtJ8vA3ymUVx1euVx43ZMkd09+5RWW4FmvYDFhZwPh1gvtdsdnJyF4Fg==}
    dependencies:
      after-all-results: 2.0.0
      async-cache: 1.1.0
      debug: 4.3.2
      error-callsites: 2.0.4
      load-source-map: 1.0.0
    transitivePeerDependencies:
      - supports-color
    dev: false

  /stream-to-pull-stream/1.7.3:
    resolution: {integrity: sha512-6sNyqJpr5dIOQdgNy/xcDWwDuzAsAwVzhzrWlAPAQ7Lkjx/rv0wgvxEyKwTq6FmNd5rjTrELt/CLmaSw7crMGg==}
    dependencies:
      looper: 3.0.0
      pull-stream: 3.6.14
    dev: false

  /string-width/1.0.2:
    resolution: {integrity: sha1-EYvfW4zcUaKn5w0hHgfisLmxB9M=}
    engines: {node: '>=0.10.0'}
    dependencies:
      code-point-at: 1.1.0
      is-fullwidth-code-point: 1.0.0
      strip-ansi: 3.0.1
    dev: false

  /string-width/4.2.1:
    resolution: {integrity: sha512-LL0OLyN6AnfV9xqGQpDBwedT2Rt63737LxvsRxbcwpa2aIeynBApG2Sm//F3TaLHIR1aJBN52DWklc06b94o5Q==}
    engines: {node: '>=8'}
    dependencies:
      emoji-regex: 8.0.0
      is-fullwidth-code-point: 3.0.0
      strip-ansi: 6.0.0
    dev: false

  /string_decoder/1.1.1:
    resolution: {integrity: sha512-n/ShnvDi6FHbbVfviro+WojiFzv+s8MPMHBczVePfUpDJLwoLT0ht1l4YwBCbi8pJAveEEdnkHyPyTP/mzRfwg==}
    dependencies:
      safe-buffer: 5.1.2
    dev: false

  /strip-ansi/3.0.1:
    resolution: {integrity: sha1-ajhfuIU9lS1f8F0Oiq+UJ43GPc8=}
    engines: {node: '>=0.10.0'}
    dependencies:
      ansi-regex: 2.1.1
    dev: false

  /strip-ansi/6.0.0:
    resolution: {integrity: sha512-AuvKTrTfQNYNIctbR1K/YGTR1756GycPsg7b9bdV9Duqur4gv6aKqHXah67Z8ImS7WEz5QVcOtlfW2rZEugt6w==}
    engines: {node: '>=8'}
    dependencies:
      ansi-regex: 5.0.0
    dev: false

  /sync-request/6.1.0:
    resolution: {integrity: sha512-8fjNkrNlNCrVc/av+Jn+xxqfCjYaBoHqCsDz6mt030UMxJGr+GSfCV1dQt2gRtlL63+VPidwDVLr7V2OcTSdRw==}
    engines: {node: '>=8.0.0'}
    dependencies:
      http-response-object: 3.0.2
      sync-rpc: 1.3.6
      then-request: 6.0.2
    dev: false

  /sync-rpc/1.3.6:
    resolution: {integrity: sha512-J8jTXuZzRlvU7HemDgHi3pGnh/rkoqR/OZSjhTyyZrEkkYQbk7Z33AXp37mkPfPpfdOuj7Ex3H/TJM1z48uPQw==}
    dependencies:
      get-port: 3.2.0
    dev: false

  /tar/6.1.11:
    resolution: {integrity: sha512-an/KZQzQUkZCkuoAA64hM92X0Urb6VpRhAFllDzz44U2mcD5scmT3zBc4VgVpkugF580+DQn8eAFSyoQt0tznA==}
    engines: {node: '>= 10'}
    dependencies:
      chownr: 2.0.0
      fs-minipass: 2.1.0
      minipass: 3.1.3
      minizlib: 2.1.2
      mkdirp: 1.0.4
      yallist: 4.0.0
    dev: false

  /then-request/6.0.2:
    resolution: {integrity: sha512-3ZBiG7JvP3wbDzA9iNY5zJQcHL4jn/0BWtXIkagfz7QgOL/LqjCEOBQuJNZfu0XYnv5JhKh+cDxCPM4ILrqruA==}
    engines: {node: '>=6.0.0'}
    dependencies:
      '@types/concat-stream': 1.6.1
      '@types/form-data': 0.0.33
      '@types/node': 8.10.66
      '@types/qs': 6.9.7
      caseless: 0.12.0
      concat-stream: 1.6.2
      form-data: 2.5.1
      http-basic: 8.1.3
      http-response-object: 3.0.2
      promise: 8.1.0
      qs: 6.10.1
    dev: false

  /timsort/0.3.0:
    resolution: {integrity: sha1-QFQRqOfmM5/mTbmiNN4R3DHgK9Q=}
    dev: false

  /to-width/1.1.0:
    resolution: {integrity: sha512-zN1F5YSsKkI8MW+JGOE3neo3SVGUODZhMqjiEV7a2LSaAFjUkN1hcsv7Y+PJSayxAJ6ZmppfQZc4TuOAW8wIwg==}
    dependencies:
      cnd: 9.2.1
      string-width: 4.2.1
      wcstring: 2.1.1
    dev: false

  /trycatch/1.5.21:
    resolution: {integrity: sha1-LLFdQ9T0X3Q2dweYoQvfvh1aVv4=}
    engines: {node: '>=0.8.14'}
    dependencies:
      hookit: 1.1.3
    optionalDependencies:
      ansi-styles: 1.1.0
    dev: false

  /typedarray/0.0.6:
    resolution: {integrity: sha1-hnrHTjhkGHsdPUfZlqeOxciDB3c=}
    dev: false

  /unique-filename/1.1.1:
    resolution: {integrity: sha512-Vmp0jIp2ln35UTXuryvjzkjGdRyf9b2lTXuSYUiPmzRcl3FDtYqAwOnTJkAngD9SWhnoJzDbTKwaOrZ+STtxNQ==}
    dependencies:
      unique-slug: 2.0.2
    dev: false

  /unique-slug/2.0.2:
    resolution: {integrity: sha512-zoWr9ObaxALD3DOPfjPSqxt4fnZiWblxHIgeWqW8x7UqDzEtHEQLzji2cuJYQFCU6KmoJikOYAZlrTHHebjx2w==}
    dependencies:
      imurmurhash: 0.1.4
    dev: false

  /util-deprecate/1.0.2:
    resolution: {integrity: sha1-RQ1Nyfpw3nMnYvvS1KKJgUGaDM8=}
    dev: false

  /varsize-string/2.2.2:
    resolution: {integrity: sha1-7xs7bHLbCDXqL4TN+R/sMMUgaIs=}
    dev: false

  /vuln-regex-detector/1.3.0:
    resolution: {integrity: sha512-QWm8buVznZjdcfMuFHYsiNfHd0YQ7dO41G0iEGVPlUng5eZUo8uy+QsVCmbgVZ2b96xprY1Tz9dQD7QtvbFHXw==}
    dependencies:
      sync-request: 6.1.0
    dev: false

  /wcsize/1.0.0:
    resolution: {integrity: sha1-qKLhXmqKdHkdulgPaaV9J+hQ6h4=}
    dev: false

  /wcstring/2.1.1:
    resolution: {integrity: sha1-3tUtdFycceJNCkidKCbSKjZe0Gc=}
    dependencies:
      varsize-string: 2.2.2
      wcsize: 1.0.0
    dev: false

  /which/2.0.2:
    resolution: {integrity: sha512-BLI3Tl1TW3Pvl70l3yq3Y64i+awpwXqsGBYWkkqMtnbXgrMD+yj7rhW0kuEDxzJaYXGjEW5ogapKNMEKNMjibA==}
    engines: {node: '>= 8'}
    hasBin: true
    dependencies:
      isexe: 2.0.0
    dev: false

  /wide-align/1.1.3:
    resolution: {integrity: sha512-QGkOQc8XL6Bt5PwnsExKBPuMKBxnGxWWW3fU55Xt4feHozMUhdUMaBCk290qpm/wG5u/RSKzwdAC4i51YigihA==}
    dependencies:
      string-width: 1.0.2
    dev: false

  /wrappy/1.0.2:
    resolution: {integrity: sha1-tSQ9jz7BqjXxNkYFvA0QNuMKtp8=}
    dev: false

  /yallist/2.1.2:
    resolution: {integrity: sha1-HBH5IY8HYImkfdUS+TxmmaaoHVI=}
    dev: false

  /yallist/4.0.0:
    resolution: {integrity: sha512-3wdGidZyq5PB084XLES5TpOSRA3wjXAlIWMhum2kRcv/41Sn2emQ0dycQW4uZXLejwKvg6EsvbdlVL+FYEct7A==}
    dev: false

  '@github.com/pull-stream/pull-tee/tarball/master':
    resolution: {tarball: https://github.com/pull-stream/pull-tee/tarball/master}
    name: pull-tee
    version: 2.0.1
    dev: false
